
Microsoft Visual Studio Solution File, Format Version 12.00
# Visual Studio Version 17
VisualStudioVersion = 17.0.31903.59
MinimumVisualStudioVersion = 10.0.40219.1
Project("{2150E333-8FDC-42A3-9474-1A3956D46DE8}") = "src", "src", "{04769B25-B40B-4F2C-98D5-E9AEE6CCB89B}"
EndProject
Project("{FAE04EC0-301F-11D3-BF4B-00C04F79EFBC}") = "StudentService", "src\StudentService\StudentService.csproj", "{963AAEEE-1852-4BDD-AA8D-B69CFC2EE582}"
EndProject
Project("{FAE04EC0-301F-11D3-BF4B-00C04F79EFBC}") = "SearchService", "src\SearchService\SearchService.csproj", "{40518167-B04C-46F8-BDEF-734945DC4CF1}"
EndProject
Project("{FAE04EC0-301F-11D3-BF4B-00C04F79EFBC}") = "Contract", "src\Contract\Contract.csproj", "{03990496-2171-44BB-93F1-CA241F4ED017}"
EndProject
Project("{FAE04EC0-301F-11D3-BF4B-00C04F79EFBC}") = "IdentityService", "src\IdentityService\IdentityService.csproj", "{F5FD3B22-4FEF-42CA-99A0-BC65637072EA}"
EndProject
Project("{FAE04EC0-301F-11D3-BF4B-00C04F79EFBC}") = "GatewayService", "src\GatewayService\GatewayService.csproj", "{B707F49B-24C6-4332-94D1-5236DFE3F156}"
EndProject
Global
	GlobalSection(SolutionConfigurationPlatforms) = preSolution
		Debug|Any CPU = Debug|Any CPU
		Release|Any CPU = Release|Any CPU
	EndGlobalSection
	GlobalSection(SolutionProperties) = preSolution
		HideSolutionNode = FALSE
	EndGlobalSection
	GlobalSection(ProjectConfigurationPlatforms) = postSolution
		{963AAEEE-1852-4BDD-AA8D-B69CFC2EE582}.Debug|Any CPU.ActiveCfg = Debug|Any CPU
		{963AAEEE-1852-4BDD-AA8D-B69CFC2EE582}.Debug|Any CPU.Build.0 = Debug|Any CPU
		{963AAEEE-1852-4BDD-AA8D-B69CFC2EE582}.Release|Any CPU.ActiveCfg = Release|Any CPU
		{963AAEEE-1852-4BDD-AA8D-B69CFC2EE582}.Release|Any CPU.Build.0 = Release|Any CPU
		{40518167-B04C-46F8-BDEF-734945DC4CF1}.Debug|Any CPU.ActiveCfg = Debug|Any CPU
		{40518167-B04C-46F8-BDEF-734945DC4CF1}.Debug|Any CPU.Build.0 = Debug|Any CPU
		{40518167-B04C-46F8-BDEF-734945DC4CF1}.Release|Any CPU.ActiveCfg = Release|Any CPU
		{40518167-B04C-46F8-BDEF-734945DC4CF1}.Release|Any CPU.Build.0 = Release|Any CPU
		{03990496-2171-44BB-93F1-CA241F4ED017}.Debug|Any CPU.ActiveCfg = Debug|Any CPU
		{03990496-2171-44BB-93F1-CA241F4ED017}.Debug|Any CPU.Build.0 = Debug|Any CPU
		{03990496-2171-44BB-93F1-CA241F4ED017}.Release|Any CPU.ActiveCfg = Release|Any CPU
		{03990496-2171-44BB-93F1-CA241F4ED017}.Release|Any CPU.Build.0 = Release|Any CPU
		{F5FD3B22-4FEF-42CA-99A0-BC65637072EA}.Debug|Any CPU.ActiveCfg = Debug|Any CPU
		{F5FD3B22-4FEF-42CA-99A0-BC65637072EA}.Debug|Any CPU.Build.0 = Debug|Any CPU
		{F5FD3B22-4FEF-42CA-99A0-BC65637072EA}.Release|Any CPU.ActiveCfg = Release|Any CPU
		{F5FD3B22-4FEF-42CA-99A0-BC65637072EA}.Release|Any CPU.Build.0 = Release|Any CPU
		{B707F49B-24C6-4332-94D1-5236DFE3F156}.Debug|Any CPU.ActiveCfg = Debug|Any CPU
		{B707F49B-24C6-4332-94D1-5236DFE3F156}.Debug|Any CPU.Build.0 = Debug|Any CPU
		{B707F49B-24C6-4332-94D1-5236DFE3F156}.Release|Any CPU.ActiveCfg = Release|Any CPU
		{B707F49B-24C6-4332-94D1-5236DFE3F156}.Release|Any CPU.Build.0 = Release|Any CPU
	EndGlobalSection
	GlobalSection(NestedProjects) = preSolution
		{963AAEEE-1852-4BDD-AA8D-B69CFC2EE582} = {04769B25-B40B-4F2C-98D5-E9AEE6CCB89B}
		{40518167-B04C-46F8-BDEF-734945DC4CF1} = {04769B25-B40B-4F2C-98D5-E9AEE6CCB89B}
		{03990496-2171-44BB-93F1-CA241F4ED017} = {04769B25-B40B-4F2C-98D5-E9AEE6CCB89B}
		{F5FD3B22-4FEF-42CA-99A0-BC65637072EA} = {04769B25-B40B-4F2C-98D5-E9AEE6CCB89B}
		{B707F49B-24C6-4332-94D1-5236DFE3F156} = {04769B25-B40B-4F2C-98D5-E9AEE6CCB89B}
	EndGlobalSection
EndGlobal
