
Microsoft Visual Studio Solution File, Format Version 12.00
# Visual Studio Version 17
VisualStudioVersion = 17.0.31903.59
MinimumVisualStudioVersion = 10.0.40219.1
Project("{2150E333-8FDC-42A3-9474-1A3956D46DE8}") = "src", "src", "{04769B25-B40B-4F2C-98D5-E9AEE6CCB89B}"
EndProject
Project("{FAE04EC0-301F-11D3-BF4B-00C04F79EFBC}") = "StudentService", "src\StudentService\StudentService.csproj", "{963AAEEE-1852-4BDD-AA8D-B69CFC2EE582}"
EndProject
Global
	GlobalSection(SolutionConfigurationPlatforms) = preSolution
		Debug|Any CPU = Debug|Any CPU
		Release|Any CPU = Release|Any CPU
	EndGlobalSection
	GlobalSection(SolutionProperties) = preSolution
		HideSolutionNode = FALSE
	EndGlobalSection
	GlobalSection(ProjectConfigurationPlatforms) = postSolution
		{963AAEEE-1852-4BDD-AA8D-B69CFC2EE582}.Debug|Any CPU.ActiveCfg = Debug|Any CPU
		{963AAEEE-1852-4BDD-AA8D-B69CFC2EE582}.Debug|Any CPU.Build.0 = Debug|Any CPU
		{963AAEEE-1852-4BDD-AA8D-B69CFC2EE582}.Release|Any CPU.ActiveCfg = Release|Any CPU
		{963AAEEE-1852-4BDD-AA8D-B69CFC2EE582}.Release|Any CPU.Build.0 = Release|Any CPU
	EndGlobalSection
	GlobalSection(NestedProjects) = preSolution
		{963AAEEE-1852-4BDD-AA8D-B69CFC2EE582} = {04769B25-B40B-4F2C-98D5-E9AEE6CCB89B}
	EndGlobalSection
EndGlobal
